// !$*UTF8*$!
{
	archiveVersion = 1;
	classes = {
	};
	objectVersion = 46;
	objects = {

/* Begin PBXBuildFile section */
		795A073D1941B68E00BFB490 /* ToDoItem.swift in Sources */ = {isa = PBXBuildFile; fileRef = 795A073C1941B68E00BFB490 /* ToDoItem.swift */; };
		79C5974719418A280085192D /* AppDelegate.swift in Sources */ = {isa = PBXBuildFile; fileRef = 79C5974619418A280085192D /* AppDelegate.swift */; };
		79C5974919418A280085192D /* AddToDoViewController.swift in Sources */ = {isa = PBXBuildFile; fileRef = 79C5974819418A280085192D /* AddToDoViewController.swift */; };
		79C5974E19418A280085192D /* Images.xcassets in Resources */ = {isa = PBXBuildFile; fileRef = 79C5974D19418A280085192D /* Images.xcassets */; };
		9B0D78251B8C4E1E009AB47F /* ListDetailViewController.swift in Sources */ = {isa = PBXBuildFile; fileRef = 9B0D78241B8C4E1E009AB47F /* ListDetailViewController.swift */; };
		9BE8E7501BAA9745001AB758 /* Launch Screen.storyboard in Resources */ = {isa = PBXBuildFile; fileRef = 9BE8E74F1BAA9745001AB758 /* Launch Screen.storyboard */; };
		9BF168C31B8EA85500D7493C /* MasterViewController.swift in Sources */ = {isa = PBXBuildFile; fileRef = 9BF168C21B8EA85500D7493C /* MasterViewController.swift */; };
		F902CC361BB38377006077ED /* Main.storyboard in Resources */ = {isa = PBXBuildFile; fileRef = F902CC351BB38377006077ED /* Main.storyboard */; };
		F9B3B6D71BB1805E00BA2D64 /* ToBuyItem.swift in Sources */ = {isa = PBXBuildFile; fileRef = F9B3B6D61BB1805E00BA2D64 /* ToBuyItem.swift */; };
		F9CF9B771BC395790053D4AE /* Pantry.xcdatamodeld in Sources */ = {isa = PBXBuildFile; fileRef = F9CF9B751BC395790053D4AE /* Pantry.xcdatamodeld */; };
/* End PBXBuildFile section */

/* Begin PBXFileReference section */
		795A073B1941B34900BFB490 /* TableViewController.h */ = {isa = PBXFileReference; lastKnownFileType = sourcecode.c.h; path = TableViewController.h; sourceTree = "<group>"; };
		795A073C1941B68E00BFB490 /* ToDoItem.swift */ = {isa = PBXFileReference; fileEncoding = 4; lastKnownFileType = sourcecode.swift; path = ToDoItem.swift; sourceTree = "<group>"; };
		79C5974119418A280085192D /* Pantry.app */ = {isa = PBXFileReference; explicitFileType = wrapper.application; includeInIndex = 0; path = Pantry.app; sourceTree = BUILT_PRODUCTS_DIR; };
		79C5974519418A280085192D /* Info.plist */ = {isa = PBXFileReference; lastKnownFileType = text.plist.xml; path = Info.plist; sourceTree = "<group>"; };
		79C5974619418A280085192D /* AppDelegate.swift */ = {isa = PBXFileReference; lastKnownFileType = sourcecode.swift; path = AppDelegate.swift; sourceTree = "<group>"; };
		79C5974819418A280085192D /* AddToDoViewController.swift */ = {isa = PBXFileReference; lastKnownFileType = sourcecode.swift; path = AddToDoViewController.swift; sourceTree = "<group>"; };
		79C5974D19418A280085192D /* Images.xcassets */ = {isa = PBXFileReference; lastKnownFileType = folder.assetcatalog; path = Images.xcassets; sourceTree = "<group>"; };
		79C5975819418A280085192D /* Info.plist */ = {isa = PBXFileReference; lastKnownFileType = text.plist.xml; path = Info.plist; sourceTree = "<group>"; };
		79C5975919418A280085192D /* MyAppTests.swift */ = {isa = PBXFileReference; lastKnownFileType = sourcecode.swift; path = MyAppTests.swift; sourceTree = "<group>"; };
		9B0D78241B8C4E1E009AB47F /* ListDetailViewController.swift */ = {isa = PBXFileReference; fileEncoding = 4; lastKnownFileType = sourcecode.swift; path = ListDetailViewController.swift; sourceTree = "<group>"; };
		9BE8E74F1BAA9745001AB758 /* Launch Screen.storyboard */ = {isa = PBXFileReference; fileEncoding = 4; lastKnownFileType = file.storyboard; name = "Launch Screen.storyboard"; path = "../Launch Screen.storyboard"; sourceTree = "<group>"; };
		9BF168C21B8EA85500D7493C /* MasterViewController.swift */ = {isa = PBXFileReference; fileEncoding = 4; lastKnownFileType = sourcecode.swift; path = MasterViewController.swift; sourceTree = "<group>"; };
		F902CC351BB38377006077ED /* Main.storyboard */ = {isa = PBXFileReference; fileEncoding = 4; lastKnownFileType = file.storyboard; path = Main.storyboard; sourceTree = "<group>"; };
		F9B3B6D61BB1805E00BA2D64 /* ToBuyItem.swift */ = {isa = PBXFileReference; fileEncoding = 4; lastKnownFileType = sourcecode.swift; name = ToBuyItem.swift; path = ../ToBuyItem.swift; sourceTree = "<group>"; };
		F9CF9B761BC395790053D4AE /* Pantry.xcdatamodel */ = {isa = PBXFileReference; lastKnownFileType = wrapper.xcdatamodel; path = Pantry.xcdatamodel; sourceTree = "<group>"; };
/* End PBXFileReference section */

/* Begin PBXFrameworksBuildPhase section */
		79C5973E19418A280085192D /* Frameworks */ = {
			isa = PBXFrameworksBuildPhase;
			buildActionMask = 2147483647;
			files = (
			);
			runOnlyForDeploymentPostprocessing = 0;
		};
/* End PBXFrameworksBuildPhase section */

/* Begin PBXGroup section */
		79C5973819418A280085192D = {
			isa = PBXGroup;
			children = (
				79C5974319418A280085192D /* Pantry */,
				79C5975619418A280085192D /* PantryTests */,
				79C5974219418A280085192D /* Products */,
			);
			sourceTree = "<group>";
		};
		79C5974219418A280085192D /* Products */ = {
			isa = PBXGroup;
			children = (
				79C5974119418A280085192D /* Pantry.app */,
			);
			name = Products;
			sourceTree = "<group>";
		};
		79C5974319418A280085192D /* Pantry */ = {
			isa = PBXGroup;
			children = (
				9BDDCC921BA7EE5400C97992 /* Assets */,
				9BDDCC911BA7EE4500C97992 /* Views */,
				9B28708B1BA17477000F96EB /* Controllers */,
				79C5974419418A280085192D /* Supporting Files */,
			);
			name = Pantry;
			path = MyApp;
			sourceTree = "<group>";
		};
		79C5974419418A280085192D /* Supporting Files */ = {
			isa = PBXGroup;
			children = (
				F9CF9B751BC395790053D4AE /* Pantry.xcdatamodeld */,
				79C5974519418A280085192D /* Info.plist */,
			);
			name = "Supporting Files";
			sourceTree = "<group>";
		};
		79C5975619418A280085192D /* PantryTests */ = {
			isa = PBXGroup;
			children = (
				79C5975919418A280085192D /* MyAppTests.swift */,
				79C5975719418A280085192D /* Supporting Files */,
			);
			name = PantryTests;
			path = MyAppTests;
			sourceTree = "<group>";
		};
		79C5975719418A280085192D /* Supporting Files */ = {
			isa = PBXGroup;
			children = (
				79C5975819418A280085192D /* Info.plist */,
			);
			name = "Supporting Files";
			sourceTree = "<group>";
		};
		9B28708B1BA17477000F96EB /* Controllers */ = {
			isa = PBXGroup;
			children = (
				79C5974819418A280085192D /* AddToDoViewController.swift */,
				F9B3B6D61BB1805E00BA2D64 /* ToBuyItem.swift */,
				79C5974619418A280085192D /* AppDelegate.swift */,
				795A073B1941B34900BFB490 /* TableViewController.h */,
				795A073C1941B68E00BFB490 /* ToDoItem.swift */,
				9B0D78241B8C4E1E009AB47F /* ListDetailViewController.swift */,
				9BF168C21B8EA85500D7493C /* MasterViewController.swift */,
			);
			name = Controllers;
			sourceTree = "<group>";
		};
		9BDDCC911BA7EE4500C97992 /* Views */ = {
			isa = PBXGroup;
			children = (
				F902CC351BB38377006077ED /* Main.storyboard */,
				9BE8E74F1BAA9745001AB758 /* Launch Screen.storyboard */,
			);
			name = Views;
			sourceTree = "<group>";
		};
		9BDDCC921BA7EE5400C97992 /* Assets */ = {
			isa = PBXGroup;
			children = (
				79C5974D19418A280085192D /* Images.xcassets */,
			);
			name = Assets;
			sourceTree = "<group>";
		};
/* End PBXGroup section */

/* Begin PBXNativeTarget section */
		79C5974019418A280085192D /* Pantry */ = {
			isa = PBXNativeTarget;
			buildConfigurationList = 79C5975D19418A280085192D /* Build configuration list for PBXNativeTarget "Pantry" */;
			buildPhases = (
				79C5973D19418A280085192D /* Sources */,
				79C5973E19418A280085192D /* Frameworks */,
				79C5973F19418A280085192D /* Resources */,
			);
			buildRules = (
			);
			dependencies = (
			);
			name = Pantry;
			productName = MyApp;
			productReference = 79C5974119418A280085192D /* Pantry.app */;
			productType = "com.apple.product-type.application";
		};
/* End PBXNativeTarget section */

/* Begin PBXProject section */
		79C5973919418A280085192D /* Project object */ = {
			isa = PBXProject;
			attributes = {
				LastSwiftMigration = 0700;
				LastSwiftUpdateCheck = 0700;
				LastUpgradeCheck = 0700;
				ORGANIZATIONNAME = "Shiva Narrthine";
				TargetAttributes = {
					79C5974019418A280085192D = {
						CreatedOnToolsVersion = 6.0;
						DevelopmentTeam = 86BD6X8JXA;
						SystemCapabilities = {
							com.apple.Maps.iOS = {
								enabled = 0;
							};
							com.apple.WAC = {
								enabled = 0;
							};
						};
					};
				};
			};
			buildConfigurationList = 79C5973C19418A280085192D /* Build configuration list for PBXProject "Pantry" */;
			compatibilityVersion = "Xcode 3.2";
			developmentRegion = English;
			hasScannedForEncodings = 0;
			knownRegions = (
				en,
				Base,
			);
			mainGroup = 79C5973819418A280085192D;
			productRefGroup = 79C5974219418A280085192D /* Products */;
			projectDirPath = "";
			projectRoot = "";
			targets = (
				79C5974019418A280085192D /* Pantry */,
			);
		};
/* End PBXProject section */

/* Begin PBXResourcesBuildPhase section */
		79C5973F19418A280085192D /* Resources */ = {
			isa = PBXResourcesBuildPhase;
			buildActionMask = 2147483647;
			files = (
				F902CC361BB38377006077ED /* Main.storyboard in Resources */,
				9BE8E7501BAA9745001AB758 /* Launch Screen.storyboard in Resources */,
				79C5974E19418A280085192D /* Images.xcassets in Resources */,
			);
			runOnlyForDeploymentPostprocessing = 0;
		};
/* End PBXResourcesBuildPhase section */

/* Begin PBXSourcesBuildPhase section */
		79C5973D19418A280085192D /* Sources */ = {
			isa = PBXSourcesBuildPhase;
			buildActionMask = 2147483647;
			files = (
				F9B3B6D71BB1805E00BA2D64 /* ToBuyItem.swift in Sources */,
				79C5974919418A280085192D /* AddToDoViewController.swift in Sources */,
				9BF168C31B8EA85500D7493C /* MasterViewController.swift in Sources */,
				795A073D1941B68E00BFB490 /* ToDoItem.swift in Sources */,
				F9CF9B771BC395790053D4AE /* Pantry.xcdatamodeld in Sources */,
				79C5974719418A280085192D /* AppDelegate.swift in Sources */,
				9B0D78251B8C4E1E009AB47F /* ListDetailViewController.swift in Sources */,
			);
			runOnlyForDeploymentPostprocessing = 0;
		};
/* End PBXSourcesBuildPhase section */

/* Begin XCBuildConfiguration section */
		79C5975B19418A280085192D /* Debug */ = {
			isa = XCBuildConfiguration;
			buildSettings = {
				ALWAYS_SEARCH_USER_PATHS = NO;
				CLANG_CXX_LANGUAGE_STANDARD = "gnu++0x";
				CLANG_CXX_LIBRARY = "libc++";
				CLANG_ENABLE_MODULES = YES;
				CLANG_ENABLE_OBJC_ARC = YES;
				CLANG_WARN_BOOL_CONVERSION = YES;
				CLANG_WARN_CONSTANT_CONVERSION = YES;
				CLANG_WARN_DIRECT_OBJC_ISA_USAGE = YES_ERROR;
				CLANG_WARN_EMPTY_BODY = YES;
				CLANG_WARN_ENUM_CONVERSION = YES;
				CLANG_WARN_INT_CONVERSION = YES;
				CLANG_WARN_OBJC_ROOT_CLASS = YES_ERROR;
				CLANG_WARN_UNREACHABLE_CODE = YES;
				CLANG_WARN__DUPLICATE_METHOD_MATCH = YES;
				CODE_SIGN_IDENTITY = "iPhone Developer: Ian Warne (AQMK963H97)";
				"CODE_SIGN_IDENTITY[sdk=iphoneos*]" = "iPhone Developer";
				COPY_PHASE_STRIP = NO;
				ENABLE_STRICT_OBJC_MSGSEND = YES;
				ENABLE_TESTABILITY = YES;
				GCC_C_LANGUAGE_STANDARD = gnu99;
				GCC_DYNAMIC_NO_PIC = NO;
				GCC_OPTIMIZATION_LEVEL = 0;
				GCC_PREPROCESSOR_DEFINITIONS = (
					"DEBUG=1",
					"$(inherited)",
				);
				GCC_SYMBOLS_PRIVATE_EXTERN = NO;
				GCC_WARN_64_TO_32_BIT_CONVERSION = YES;
				GCC_WARN_ABOUT_RETURN_TYPE = YES_ERROR;
				GCC_WARN_UNDECLARED_SELECTOR = YES;
				GCC_WARN_UNINITIALIZED_AUTOS = YES_AGGRESSIVE;
				GCC_WARN_UNUSED_FUNCTION = YES;
				GCC_WARN_UNUSED_VARIABLE = YES;
				IPHONEOS_DEPLOYMENT_TARGET = 8.0;
				METAL_ENABLE_DEBUG_INFO = YES;
				ONLY_ACTIVE_ARCH = YES;
				SDKROOT = iphoneos;
				SWIFT_OPTIMIZATION_LEVEL = "-Onone";
				TARGETED_DEVICE_FAMILY = "1,2";
			};
			name = Debug;
		};
		79C5975C19418A280085192D /* Release */ = {
			isa = XCBuildConfiguration;
			buildSettings = {
				ALWAYS_SEARCH_USER_PATHS = NO;
				CLANG_CXX_LANGUAGE_STANDARD = "gnu++0x";
				CLANG_CXX_LIBRARY = "libc++";
				CLANG_ENABLE_MODULES = YES;
				CLANG_ENABLE_OBJC_ARC = YES;
				CLANG_WARN_BOOL_CONVERSION = YES;
				CLANG_WARN_CONSTANT_CONVERSION = YES;
				CLANG_WARN_DIRECT_OBJC_ISA_USAGE = YES_ERROR;
				CLANG_WARN_EMPTY_BODY = YES;
				CLANG_WARN_ENUM_CONVERSION = YES;
				CLANG_WARN_INT_CONVERSION = YES;
				CLANG_WARN_OBJC_ROOT_CLASS = YES_ERROR;
				CLANG_WARN_UNREACHABLE_CODE = YES;
				CLANG_WARN__DUPLICATE_METHOD_MATCH = YES;
				CODE_SIGN_IDENTITY = "iPhone Developer: Ian Warne (AQMK963H97)";
				"CODE_SIGN_IDENTITY[sdk=iphoneos*]" = "iPhone Developer";
				COPY_PHASE_STRIP = YES;
				ENABLE_NS_ASSERTIONS = NO;
				ENABLE_STRICT_OBJC_MSGSEND = YES;
				GCC_C_LANGUAGE_STANDARD = gnu99;
				GCC_WARN_64_TO_32_BIT_CONVERSION = YES;
				GCC_WARN_ABOUT_RETURN_TYPE = YES_ERROR;
				GCC_WARN_UNDECLARED_SELECTOR = YES;
				GCC_WARN_UNINITIALIZED_AUTOS = YES_AGGRESSIVE;
				GCC_WARN_UNUSED_FUNCTION = YES;
				GCC_WARN_UNUSED_VARIABLE = YES;
				IPHONEOS_DEPLOYMENT_TARGET = 8.0;
				METAL_ENABLE_DEBUG_INFO = NO;
				SDKROOT = iphoneos;
				TARGETED_DEVICE_FAMILY = "1,2";
				VALIDATE_PRODUCT = NO;
			};
			name = Release;
		};
		79C5975E19418A280085192D /* Debug */ = {
			isa = XCBuildConfiguration;
			buildSettings = {
				ASSETCATALOG_COMPILER_APPICON_NAME = AppIcon;
				ASSETCATALOG_COMPILER_LAUNCHIMAGE_NAME = LaunchImage;
				CODE_SIGN_IDENTITY = "iPhone Developer";
				"CODE_SIGN_IDENTITY[sdk=iphoneos*]" = "iPhone Developer";
				INFOPLIST_FILE = MyApp/Info.plist;
				IPHONEOS_DEPLOYMENT_TARGET = 8.4;
				LD_RUNPATH_SEARCH_PATHS = "$(inherited) @executable_path/Frameworks";
				PRODUCT_BUNDLE_IDENTIFIER = com.sb.pantry;
				PRODUCT_NAME = Pantry;
				PROVISIONING_PROFILE = "";
				TARGETED_DEVICE_FAMILY = 1;
			};
			name = Debug;
		};
		79C5975F19418A280085192D /* Release */ = {
			isa = XCBuildConfiguration;
			buildSettings = {
				ASSETCATALOG_COMPILER_APPICON_NAME = AppIcon;
				ASSETCATALOG_COMPILER_LAUNCHIMAGE_NAME = LaunchImage;
				CODE_SIGN_IDENTITY = "iPhone Developer";
				"CODE_SIGN_IDENTITY[sdk=iphoneos*]" = "iPhone Developer";
				INFOPLIST_FILE = MyApp/Info.plist;
				IPHONEOS_DEPLOYMENT_TARGET = 8.4;
				LD_RUNPATH_SEARCH_PATHS = "$(inherited) @executable_path/Frameworks";
				PRODUCT_BUNDLE_IDENTIFIER = com.sb.pantry;
				PRODUCT_NAME = Pantry;
				PROVISIONING_PROFILE = "";
				TARGETED_DEVICE_FAMILY = 1;
			};
			name = Release;
		};
/* End XCBuildConfiguration section */

/* Begin XCConfigurationList section */
		79C5973C19418A280085192D /* Build configuration list for PBXProject "Pantry" */ = {
			isa = XCConfigurationList;
			buildConfigurations = (
				79C5975B19418A280085192D /* Debug */,
				79C5975C19418A280085192D /* Release */,
			);
			defaultConfigurationIsVisible = 0;
			defaultConfigurationName = Release;
		};
		79C5975D19418A280085192D /* Build configuration list for PBXNativeTarget "Pantry" */ = {
			isa = XCConfigurationList;
			buildConfigurations = (
				79C5975E19418A280085192D /* Debug */,
				79C5975F19418A280085192D /* Release */,
			);
			defaultConfigurationIsVisible = 0;
			defaultConfigurationName = Release;
		};
/* End XCConfigurationList section */

/* Begin XCVersionGroup section */
		F9CF9B751BC395790053D4AE /* Pantry.xcdatamodeld */ = {
			isa = XCVersionGroup;
			children = (
				F9CF9B761BC395790053D4AE /* Pantry.xcdatamodel */,
			);
			currentVersion = F9CF9B761BC395790053D4AE /* Pantry.xcdatamodel */;
			name = Pantry.xcdatamodeld;
			path = ../Pantry.xcdatamodeld;
			sourceTree = "<group>";
			versionGroupType = wrapper.xcdatamodel;
		};
/* End XCVersionGroup section */
	};
	rootObject = 79C5973919418A280085192D /* Project object */;
}
